{
  "name": "mk-60fps",
  "version": "1.1.0",
  "lockfileVersion": 2,
  "requires": true,
  "packages": {
    "": {
      "version": "1.1.0",
      "license": "ISC",
      "dependencies": {
        "mkdiv": "^2.0.6"
      }
    },
    "node_modules/mkdiv": {
      "version": "2.0.6",
      "resolved": "https://registry.npmjs.org/mkdiv/-/mkdiv-2.0.6.tgz",
      "integrity": "sha512-eQDgwfWqG+X9NonmncqwGJImeQMy6tVQc06GXOzJk0I6LDlIxov2Z+lcq1e6Im9JyXjd4ar9H1X8nVwj2DrnZw=="
    }
  },
  "dependencies": {
    "mkdiv": {
      "version": "2.0.6",
      "resolved": "https://registry.npmjs.org/mkdiv/-/mkdiv-2.0.6.tgz",
      "integrity": "sha512-eQDgwfWqG+X9NonmncqwGJImeQMy6tVQc06GXOzJk0I6LDlIxov2Z+lcq1e6Im9JyXjd4ar9H1X8nVwj2DrnZw=="
    }
  }
}
